
Microsoft Visual Studio Solution File, Format Version 12.00
# Visual Studio Version 16
VisualStudioVersion = 16.0.30011.22
MinimumVisualStudioVersion = 10.0.40219.1
Project("{9A19103F-16F7-4668-BE54-9A1E7A4F7556}") = "Modulos", "src\Modulos\Modulos.csproj", "{3705B870-2CC5-47BB-82AF-D435C91107F8}"
EndProject
Project("{2150E333-8FDC-42A3-9474-1A3956D46DE8}") = "tests", "tests", "{3C8AD884-FDFE-433E-90E3-8B819450F67E}"
EndProject
Project("{2150E333-8FDC-42A3-9474-1A3956D46DE8}") = ".configs", ".configs", "{34A925C2-B169-41B4-84DF-4CF9181C9710}"
	ProjectSection(SolutionItems) = preProject
		NuGet.Config = NuGet.Config
	EndProjectSection
EndProject
Project("{2150E333-8FDC-42A3-9474-1A3956D46DE8}") = "benchmarks", "benchmarks", "{11BB2224-A82C-4522-A0A7-F5F744DD6178}"
EndProject
Project("{2150E333-8FDC-42A3-9474-1A3956D46DE8}") = "src", "src", "{1822EBDE-4733-491D-A9A0-11FEA8CE1F66}"
EndProject
Project("{9A19103F-16F7-4668-BE54-9A1E7A4F7556}") = "Modulos.Tests", "tests\Modulos.Tests\Modulos.Tests.csproj", "{A79FE340-2DA6-46DD-A9CA-7B98EF3492E2}"
EndProject
Project("{2150E333-8FDC-42A3-9474-1A3956D46DE8}") = "Solution Items", "Solution Items", "{134917EE-68A8-455D-8ECF-AC30FCD4810D}"
	ProjectSection(SolutionItems) = preProject
		appveyor.yml = appveyor.yml
		build.ps1 = build.ps1
		icon.png = icon.png
		README.md = README.md
	EndProjectSection
EndProject
Project("{9A19103F-16F7-4668-BE54-9A1E7A4F7556}") = "Examples.ConsoleApp", "examples\Examples.ConsoleApp\Examples.ConsoleApp.csproj", "{F551D701-48F3-488D-9A9D-B27C7A89201F}"
EndProject
Project("{2150E333-8FDC-42A3-9474-1A3956D46DE8}") = "examples", "examples", "{40F81756-9511-43F6-97C2-E1CE0C8C4032}"
EndProject
Project("{9A19103F-16F7-4668-BE54-9A1E7A4F7556}") = "Examples.AspNetCoreApp", "examples\Examples.AspNetCoreApp\Examples.AspNetCoreApp.csproj", "{3A44E2D7-1075-4831-A2AD-86465E43D1EB}"
EndProject
Project("{FAE04EC0-301F-11D3-BF4B-00C04F79EFBC}") = "Examples.Modulos", "examples\Examples.Modulos\Examples.Modulos.csproj", "{9985633C-6299-48DE-A366-7362E7A1A248}"
EndProject
Global
	GlobalSection(SolutionConfigurationPlatforms) = preSolution
		Debug|Any CPU = Debug|Any CPU
		Release|Any CPU = Release|Any CPU
	EndGlobalSection
	GlobalSection(ProjectConfigurationPlatforms) = postSolution
		{3705B870-2CC5-47BB-82AF-D435C91107F8}.Debug|Any CPU.ActiveCfg = Debug|Any CPU
		{3705B870-2CC5-47BB-82AF-D435C91107F8}.Debug|Any CPU.Build.0 = Debug|Any CPU
		{3705B870-2CC5-47BB-82AF-D435C91107F8}.Release|Any CPU.ActiveCfg = Release|Any CPU
		{3705B870-2CC5-47BB-82AF-D435C91107F8}.Release|Any CPU.Build.0 = Release|Any CPU
		{A79FE340-2DA6-46DD-A9CA-7B98EF3492E2}.Debug|Any CPU.ActiveCfg = Debug|Any CPU
		{A79FE340-2DA6-46DD-A9CA-7B98EF3492E2}.Debug|Any CPU.Build.0 = Debug|Any CPU
		{A79FE340-2DA6-46DD-A9CA-7B98EF3492E2}.Release|Any CPU.ActiveCfg = Release|Any CPU
		{A79FE340-2DA6-46DD-A9CA-7B98EF3492E2}.Release|Any CPU.Build.0 = Release|Any CPU
		{F551D701-48F3-488D-9A9D-B27C7A89201F}.Debug|Any CPU.ActiveCfg = Debug|Any CPU
		{F551D701-48F3-488D-9A9D-B27C7A89201F}.Debug|Any CPU.Build.0 = Debug|Any CPU
		{F551D701-48F3-488D-9A9D-B27C7A89201F}.Release|Any CPU.ActiveCfg = Release|Any CPU
		{F551D701-48F3-488D-9A9D-B27C7A89201F}.Release|Any CPU.Build.0 = Release|Any CPU
		{3A44E2D7-1075-4831-A2AD-86465E43D1EB}.Debug|Any CPU.ActiveCfg = Debug|Any CPU
		{3A44E2D7-1075-4831-A2AD-86465E43D1EB}.Debug|Any CPU.Build.0 = Debug|Any CPU
		{3A44E2D7-1075-4831-A2AD-86465E43D1EB}.Release|Any CPU.ActiveCfg = Release|Any CPU
		{3A44E2D7-1075-4831-A2AD-86465E43D1EB}.Release|Any CPU.Build.0 = Release|Any CPU
		{9985633C-6299-48DE-A366-7362E7A1A248}.Debug|Any CPU.ActiveCfg = Debug|Any CPU
		{9985633C-6299-48DE-A366-7362E7A1A248}.Debug|Any CPU.Build.0 = Debug|Any CPU
		{9985633C-6299-48DE-A366-7362E7A1A248}.Release|Any CPU.ActiveCfg = Release|Any CPU
		{9985633C-6299-48DE-A366-7362E7A1A248}.Release|Any CPU.Build.0 = Release|Any CPU
	EndGlobalSection
	GlobalSection(SolutionProperties) = preSolution
		HideSolutionNode = FALSE
	EndGlobalSection
	GlobalSection(NestedProjects) = preSolution
		{3705B870-2CC5-47BB-82AF-D435C91107F8} = {1822EBDE-4733-491D-A9A0-11FEA8CE1F66}
		{A79FE340-2DA6-46DD-A9CA-7B98EF3492E2} = {3C8AD884-FDFE-433E-90E3-8B819450F67E}
		{F551D701-48F3-488D-9A9D-B27C7A89201F} = {40F81756-9511-43F6-97C2-E1CE0C8C4032}
		{3A44E2D7-1075-4831-A2AD-86465E43D1EB} = {40F81756-9511-43F6-97C2-E1CE0C8C4032}
		{9985633C-6299-48DE-A366-7362E7A1A248} = {40F81756-9511-43F6-97C2-E1CE0C8C4032}
	EndGlobalSection
	GlobalSection(ExtensibilityGlobals) = postSolution
		SolutionGuid = {4C18E66A-240C-429A-AA96-942CA9C8903A}
	EndGlobalSection
EndGlobal
